{
  "name": "sample-foundry-project",
  "version": "1.1.0-alpha.4",
  "lockfileVersion": 2,
  "requires": true,
  "packages": {
    "": {
      "name": "sample-foundry-project",
      "version": "1.0.19",
      "devDependencies": {
        "@usecannon/cli": "../cli"
      }
    },
    "../cli": {
      "version": "1.0.19",
      "dev": true,
      "license": "MIT",
      "dependencies": {
        "@iarna/toml": "^3.0.0",
        "@synthetixio/wei": "^2.74.1",
        "@types/node-fetch": "^2.6.2",
        "@usecannon/builder": "^1.0.19",
        "chalk": "^4.1.2",
        "commander": "^9.3.0",
        "debug": "^4.3.4",
        "ethers": "^5.6.9",
        "fs-extra": "^10.1.0",
        "lodash": "^4.17.21",
        "node-fetch": "2",
        "prompts": "^2.4.2",
        "table": "^6.8.0"
      },
      "bin": {
        "cannon": "dist/bin/cannon.js"
      },
      "devDependencies": {
        "@types/big.js": "^6.1.4",
        "@types/debug": "^4.1.7",
        "@types/fs-extra": "^9.0.13",
        "@types/lodash": "^4.14.182",
        "@types/prompts": "^2.0.14",
        "typescript": "^4.6.2"
      }
    },
    "node_modules/@usecannon/cli": {
      "resolved": "../cli",
      "link": true
    }
  },
  "dependencies": {
    "@usecannon/cli": {
      "version": "file:../cli",
      "requires": {
        "@iarna/toml": "^3.0.0",
        "@synthetixio/wei": "^2.74.1",
        "@types/big.js": "^6.1.4",
        "@types/debug": "^4.1.7",
        "@types/fs-extra": "^9.0.13",
        "@types/lodash": "^4.14.182",
        "@types/node-fetch": "^2.6.2",
        "@types/prompts": "^2.0.14",
        "@usecannon/builder": "^1.0.19",
        "chalk": "^4.1.2",
        "commander": "^9.3.0",
        "debug": "^4.3.4",
        "ethers": "^5.6.9",
        "fs-extra": "^10.1.0",
        "lodash": "^4.17.21",
        "node-fetch": "2",
        "prompts": "^2.4.2",
        "table": "^6.8.0",
        "typescript": "^4.6.2"
      }
    }
  }
}
