{
  "name": "examples-router-architecture",
  "version": "0.0.0",
  "lockfileVersion": 3,
  "requires": true,
  "packages": {
    "": {
      "name": "examples-router-architecture",
      "version": "0.0.0",
      "license": "UNLICENSED",
      "dependencies": {
        "@synthetixio/core-contracts": "^3.3.2"
      }
    },
    "node_modules/@synthetixio/core-contracts": {
      "version": "3.3.2",
      "resolved": "https://registry.npmjs.org/@synthetixio/core-contracts/-/core-contracts-3.3.2.tgz",
      "integrity": "sha512-+O9VMuH6WQhp4kKNq259OOlLoBgLXRWiShyQZxC645IAJI9oLiWVqHa5cf1OL4HrD8g2ImCZoqUR9smDk0RB6w=="
    }
  }
}
